// !$*UTF8*$!
{
	archiveVersion = 1;
	classes = {};
	objectVersion = 55;
	objects = {

/* Begin PBXBuildFile section */
		7050B52029C1F7D5006F0FAD /* MVVMDemoApp.swift in Sources */ = {isa = PBXBuildFile; fileRef = 7050B53029C1F7D5006F0FAD /* MVVMDemoApp.swift */; };
		7050B52129C1F7D5006F0FAD /* ContentView.swift in Sources */ = {isa = PBXBuildFile; fileRef = 7050B53129C1F7D5006F0FAD /* ContentView.swift */; };
		7050B52229C1F7D5006F0FAD /* ContentViewModel.swift in Sources */ = {isa = PBXBuildFile; fileRef = 7050B53229C1F7D5006F0FAD /* ContentViewModel.swift */; };
		7050B52329C1F7D5006F0FAD /* ObjCHelper.m in Sources */ = {isa = PBXBuildFile; fileRef = 7050B53429C1F7D5006F0FAD /* ObjCHelper.m */; };
		7050B52429C1F7D5006F0FAD /* Assets.xcassets in Resources */ = {isa = PBXBuildFile; fileRef = 7050B53729C1F7D5006F0FAD /* Assets.xcassets */; };
/* End PBXBuildFile section */

/* Begin PBXFileReference section */
		7050B53029C1F7D5006F0FAD /* MVVMDemoApp.swift */ = {isa = PBXFileReference; lastKnownFileType = sourcecode.swift; path = MVVMDemoApp.swift; sourceTree = "<group>"; };
		7050B53129C1F7D5006F0FAD /* ContentView.swift */ = {isa = PBXFileReference; lastKnownFileType = sourcecode.swift; path = ContentView.swift; sourceTree = "<group>"; };
		7050B53229C1F7D5006F0FAD /* ContentViewModel.swift */ = {isa = PBXFileReference; lastKnownFileType = sourcecode.swift; path = ContentViewModel.swift; sourceTree = "<group>"; };
		7050B53329C1F7D5006F0FAD /* ObjCHelper.h */ = {isa = PBXFileReference; lastKnownFileType = sourcecode.c.h; path = ObjCHelper.h; sourceTree = "<group>"; };
		7050B53429C1F7D5006F0FAD /* ObjCHelper.m */ = {isa = PBXFileReference; lastKnownFileType = sourcecode.c.objc; path = ObjCHelper.m; sourceTree = "<group>"; };
		7050B53529C1F7D5006F0FAD /* MVVMDemo-Bridging-Header.h */ = {isa = PBXFileReference; lastKnownFileType = sourcecode.c.h; path = "MVVMDemo-Bridging-Header.h"; sourceTree = "<group>"; };
		7050B53629C1F7D5006F0FAD /* Info.plist */ = {isa = PBXFileReference; lastKnownFileType = text.plist.xml; path = Info.plist; sourceTree = "<group>"; };
		7050B53729C1F7D5006F0FAD /* Assets.xcassets */ = {isa = PBXFileReference; lastKnownFileType = folder.assetcatalog; path = Assets.xcassets; sourceTree = "<group>"; };
		7050B53829C1F7D5006F0FAD /* MVVMDemo.app */ = {isa = PBXFileReference; explicitFileType = wrapper.application; includeInIndex = 0; path = MVVMDemo.app; sourceTree = BUILT_PRODUCTS_DIR; };
/* End PBXFileReference section */

/* Begin PBXFrameworksBuildPhase section */
		7050B55129C1F7D5006F0FAD /* Frameworks */ = {
			isa = PBXFrameworksBuildPhase;
			buildActionMask = 2147483647;
			files = (
			);
			runOnlyForDeploymentPostprocessing = 0;
		};
/* End PBXFrameworksBuildPhase section */

/* Begin PBXGroup section */
		7050B54029C1F7D5006F0FAD = {
			isa = PBXGroup;
			children = (
				7050B54229C1F7D5006F0FAD /* MVVMDemo */,
				7050B54129C1F7D5006F0FAD /* Products */,
			);
			sourceTree = "<group>";
		};
		7050B54129C1F7D5006F0FAD /* Products */ = {
			isa = PBXGroup;
			children = (
				7050B53829C1F7D5006F0FAD /* MVVMDemo.app */,
			);
			name = Products;
			sourceTree = "<group>";
		};
		7050B54229C1F7D5006F0FAD /* MVVMDemo */ = {
			isa = PBXGroup;
			children = (
				7050B54329C1F7D5006F0FAD /* App */,
				7050B54929C1F7D5006F0FAD /* Models */,
				7050B54429C1F7D5006F0FAD /* ViewModels */,
				7050B54529C1F7D5006F0FAD /* Views */,
				7050B54629C1F7D5006F0FAD /* Services */,
				7050B54729C1F7D5006F0FAD /* Resources */,
				7050B54829C1F7D5006F0FAD /* Shared */,
			);
			path = MVVMDemo;
			sourceTree = "<group>";
		};
		7050B54329C1F7D5006F0FAD /* App */ = {
			isa = PBXGroup;
			children = (
				7050B53029C1F7D5006F0FAD /* MVVMDemoApp.swift */,
			);
			path = App;
			sourceTree = "<group>";
		};
		7050B54429C1F7D5006F0FAD /* ViewModels */ = {
			isa = PBXGroup;
			children = (
				7050B53229C1F7D5006F0FAD /* ContentViewModel.swift */,
			);
			path = ViewModels;
			sourceTree = "<group>";
		};
		7050B54529C1F7D5006F0FAD /* Views */ = {
			isa = PBXGroup;
			children = (
				7050B53129C1F7D5006F0FAD /* ContentView.swift */,
			);
			path = Views;
			sourceTree = "<group>";
		};
		7050B54629C1F7D5006F0FAD /* Services */ = {
			isa = PBXGroup;
			children = (
				7050B53329C1F7D5006F0FAD /* ObjCHelper.h */,
				7050B53429C1F7D5006F0FAD /* ObjCHelper.m */,
			);
			path = Services;
			sourceTree = "<group>";
		};
		7050B54729C1F7D5006F0FAD /* Resources */ = {
			isa = PBXGroup;
			children = (
				7050B53729C1F7D5006F0FAD /* Assets.xcassets */,
				7050B53629C1F7D5006F0FAD /* Info.plist */,
			);
			path = Resources;
			sourceTree = "<group>";
		};
		7050B54829C1F7D5006F0FAD /* Shared */ = {
			isa = PBXGroup;
			children = (
				7050B53529C1F7D5006F0FAD /* MVVMDemo-Bridging-Header.h */,
			);
			path = Shared;
			sourceTree = "<group>";
		};
		7050B54929C1F7D5006F0FAD /* Models */ = {
			isa = PBXGroup;
			children = (
			);
			path = Models;
			sourceTree = "<group>";
		};
/* End PBXGroup section */

/* Begin PBXNativeTarget section */
		7050B56029C1F7D5006F0FAD /* MVVMDemo */ = {
			isa = PBXNativeTarget;
			buildConfigurationList = 7050B56329C1F7D5006F0FAD /* Build configuration list for PBXNativeTarget "MVVMDemo" */;
			buildPhases = (
				7050B55029C1F7D5006F0FAD /* Sources */,
				7050B55129C1F7D5006F0FAD /* Frameworks */,
				7050B55229C1F7D5006F0FAD /* Resources */,
			);
			buildRules = (
			);
			dependencies = (
			);
			name = MVVMDemo;
			productName = MVVMDemo;
			productReference = 7050B53829C1F7D5006F0FAD /* MVVMDemo.app */;
			productType = "com.apple.product-type.application";
		};
/* End PBXNativeTarget section */

/* Begin PBXProject section */
		7050B56129C1F7D5006F0FAD /* Project object */ = {
			isa = PBXProject;
			attributes = {
				BuildIndependentTargetsInParallel = YES;
				LastSwiftUpdateCheck = 1500;
				LastUpgradeCheck = 1500;
				TargetAttributes = {
					7050B56029C1F7D5006F0FAD = {
						CreatedOnToolsVersion = 15.0;
					};
				};
			};
			buildConfigurationList = 7050B56229C1F7D5006F0FAD /* Build configuration list for PBXProject "MVVMDemo" */;
			compatibilityVersion = "Xcode 14.0";
			developmentRegion = en;
			hasScannedForEncodings = 0;
			knownRegions = (
				en,
			);
			mainGroup = 7050B54029C1F7D5006F0FAD;
			productRefGroup = 7050B54129C1F7D5006F0FAD /* Products */;
			projectDirPath = "";
			projectRoot = "";
			targets = (
				7050B56029C1F7D5006F0FAD /* MVVMDemo */,
			);
		};
/* End PBXProject section */

/* Begin PBXResourcesBuildPhase section */
		7050B55229C1F7D5006F0FAD /* Resources */ = {
			isa = PBXResourcesBuildPhase;
			buildActionMask = 2147483647;
			files = (
				7050B52429C1F7D5006F0FAD /* Assets.xcassets in Resources */,
			);
			runOnlyForDeploymentPostprocessing = 0;
		};
/* End PBXResourcesBuildPhase section */

/* Begin PBXSourcesBuildPhase section */
		7050B55029C1F7D5006F0FAD /* Sources */ = {
			isa = PBXSourcesBuildPhase;
			buildActionMask = 2147483647;
			files = (
				7050B52029C1F7D5006F0FAD /* MVVMDemoApp.swift in Sources */,
				7050B52129C1F7D5006F0FAD /* ContentView.swift in Sources */,
				7050B52229C1F7D5006F0FAD /* ContentViewModel.swift in Sources */,
				7050B52329C1F7D5006F0FAD /* ObjCHelper.m in Sources */,
			);
			runOnlyForDeploymentPostprocessing = 0;
		};
/* End PBXSourcesBuildPhase section */

/* Begin XCBuildConfiguration section */
		7050B56429C1F7D5006F0FAD /* Debug */ = {
			isa = XCBuildConfiguration;
			buildSettings = {
				ALWAYS_SEARCH_USER_PATHS = NO;
				CLANG_ANALYZER_NONNULL = YES;
				CLANG_ANALYZER_NUMBER_OBJECT_CONVERSION = YES_AGGRESSIVE;
				CLANG_CXX_LANGUAGE_STANDARD = "gnu++17";
				CLANG_ENABLE_MODULES = YES;
				CLANG_ENABLE_OBJC_ARC = YES;
				CLANG_WARN_BLOCK_CAPTURE_AUTORELEASING = YES;
				CLANG_WARN_BOOL_CONVERSION = YES;
				CLANG_WARN_COMMA = YES;
				CLANG_WARN_CONSTANT_CONVERSION = YES;
				CLANG_WARN_DEPRECATED_OBJC_IMPLEMENTATIONS = YES;
				CLANG_WARN_DIRECT_OBJC_ISA_USAGE = YES_ERROR;
				CLANG_WARN_DOCUMENTATION_COMMENTS = YES;
				CLANG_WARN_EMPTY_BODY = YES;
				CLANG_WARN_ENUM_CONVERSION = YES;
				CLANG_WARN_INFINITE_RECURSION = YES;
				CLANG_WARN_INT_CONVERSION = YES;
				CLANG_WARN_NON_LITERAL_NULL_CONVERSION = YES;
				CLANG_WARN_OBJC_IMPLICIT_RETAIN_SELF = YES;
				CLANG_WARN_OBJC_LITERAL_CONVERSION = YES;
				CLANG_WARN_QUOTED_INCLUDE_IN_FRAMEWORK_HEADER = YES;
				CLANG_WARN_RANGE_LOOP_ANALYSIS = YES;
				CLANG_WARN_STRICT_PROTOTYPES = YES;
				CLANG_WARN_SUSPICIOUS_MOVE = YES;
				CLANG_WARN_UNREACHABLE_CODE = YES;
				CLANG_WARN__DUPLICATE_METHOD_MATCH = YES;
				COPY_PHASE_STRIP = NO;
				DEBUG_INFORMATION_FORMAT = dwarf;
				ENABLE_STRICT_OBJC_MSGSEND = YES;
				ENABLE_TESTABILITY = YES;
				GCC_C_LANGUAGE_STANDARD = gnu17;
				GCC_DYNAMIC_NO_PIC = NO;
				GCC_NO_COMMON_BLOCKS = YES;
				GCC_OPTIMIZATION_LEVEL = 0;
				GCC_PREPROCESSOR_DEFINITIONS = (
					"DEBUG=1",
					"$(inherited)",
				);
				GCC_WARN_64_TO_32_BIT_CONVERSION = YES;
				GCC_WARN_ABOUT_RETURN_TYPE = YES_ERROR;
				GCC_WARN_UNDECLARED_SELECTOR = YES;
				GCC_WARN_UNINITIALIZED_AUTOS = YES_AGGRESSIVE;
				GCC_WARN_UNUSED_FUNCTION = YES;
				GCC_WARN_UNUSED_VARIABLE = YES;
				IPHONEOS_DEPLOYMENT_TARGET = 15.0;
				MTL_ENABLE_DEBUG_INFO = INCLUDE_SOURCE;
				MTL_FAST_MATH = YES;
				ONLY_ACTIVE_ARCH = YES;
				SDKROOT = iphoneos;
			};
			name = Debug;
		};
		7050B56529C1F7D5006F0FAD /* Release */ = {
			isa = XCBuildConfiguration;
			buildSettings = {
				ALWAYS_SEARCH_USER_PATHS = NO;
				CLANG_ANALYZER_NONNULL = YES;
				CLANG_ANALYZER_NUMBER_OBJECT_CONVERSION = YES_AGGRESSIVE;
				CLANG_CXX_LANGUAGE_STANDARD = "gnu++17";
				CLANG_ENABLE_MODULES = YES;
				CLANG_ENABLE_OBJC_ARC = YES;
				CLANG_WARN_BLOCK_CAPTURE_AUTORELEASING = YES;
				CLANG_WARN_BOOL_CONVERSION = YES;
				CLANG_WARN_COMMA = YES;
				CLANG_WARN_CONSTANT_CONVERSION = YES;
				CLANG_WARN_DEPRECATED_OBJC_IMPLEMENTATIONS = YES;
				CLANG_WARN_DIRECT_OBJC_ISA_USAGE = YES_ERROR;
				CLANG_WARN_DOCUMENTATION_COMMENTS = YES;
				CLANG_WARN_EMPTY_BODY = YES;
				CLANG_WARN_ENUM_CONVERSION = YES;
				CLANG_WARN_INFINITE_RECURSION = YES;
				CLANG_WARN_INT_CONVERSION = YES;
				CLANG_WARN_NON_LITERAL_NULL_CONVERSION = YES;
				CLANG_WARN_OBJC_IMPLICIT_RETAIN_SELF = YES;
				CLANG_WARN_OBJC_LITERAL_CONVERSION = YES;
				CLANG_WARN_QUOTED_INCLUDE_IN_FRAMEWORK_HEADER = YES;
				CLANG_WARN_RANGE_LOOP_ANALYSIS = YES;
				CLANG_WARN_STRICT_PROTOTYPES = YES;
				CLANG_WARN_SUSPICIOUS_MOVE = YES;
				CLANG_WARN_UNREACHABLE_CODE = YES;
				CLANG_WARN__DUPLICATE_METHOD_MATCH = YES;
				COPY_PHASE_STRIP = NO;
				DEBUG_INFORMATION_FORMAT = "dwarf-with-dsym";
				ENABLE_NS_ASSERTIONS = NO;
				ENABLE_STRICT_OBJC_MSGSEND = YES;
				GCC_C_LANGUAGE_STANDARD = gnu17;
				GCC_NO_COMMON_BLOCKS = YES;
				GCC_WARN_64_TO_32_BIT_CONVERSION = YES;
				GCC_WARN_ABOUT_RETURN_TYPE = YES_ERROR;
				GCC_WARN_UNDECLARED_SELECTOR = YES;
				GCC_WARN_UNINITIALIZED_AUTOS = YES_AGGRESSIVE;
				GCC_WARN_UNUSED_FUNCTION = YES;
				GCC_WARN_UNUSED_VARIABLE = YES;
				IPHONEOS_DEPLOYMENT_TARGET = 15.0;
				MTL_ENABLE_DEBUG_INFO = NO;
				MTL_FAST_MATH = YES;
				SDKROOT = iphoneos;
				VALIDATE_PRODUCT = YES;
			};
			name = Release;
		};
		7050B56629C1F7D5006F0FAD /* Debug */ = {
			isa = XCBuildConfiguration;
			buildSettings = {
				ASSETCATALOG_COMPILER_APPICON_NAME = AppIcon;
				ASSETCATALOG_COMPILER_GLOBAL_ACCENT_COLOR_NAME = AccentColor;
				CODE_SIGN_IDENTITY = "Apple Development";
				CODE_SIGN_STYLE = Automatic;
				CURRENT_PROJECT_VERSION = 1;
				DEVELOPMENT_ASSET_PATHS = "";
				DEVELOPMENT_TEAM = "";
				ENABLE_PREVIEWS = YES;
				GENERATE_INFOPLIST_FILE = NO;
				INFOPLIST_FILE = MVVMDemo/Resources/Info.plist;
				IPHONEOS_DEPLOYMENT_TARGET = 15.0;
				LD_RUNPATH_SEARCH_PATHS = (
					"$(inherited)",
					"@executable_path/Frameworks",
				);
				MARKETING_VERSION = 1.0;
				PRODUCT_BUNDLE_IDENTIFIER = com.example.mvvmdemo;
				PRODUCT_NAME = "$(TARGET_NAME)";
				SUPPORTS_MACCATALYST = NO;
				SWIFT_EMIT_LOC_STRINGS = YES;
				SWIFT_OBJC_BRIDGING_HEADER = "MVVMDemo/Shared/MVVMDemo-Bridging-Header.h";
				SWIFT_OPTIMIZATION_LEVEL = "-Onone";
				SWIFT_VERSION = 5.0;
				TARGETED_DEVICE_FAMILY = "1,2";
			};
			name = Debug;
		};
		7050B56729C1F7D5006F0FAD /* Release */ = {
			isa = XCBuildConfiguration;
			buildSettings = {
				ASSETCATALOG_COMPILER_APPICON_NAME = AppIcon;
				ASSETCATALOG_COMPILER_GLOBAL_ACCENT_COLOR_NAME = AccentColor;
				CODE_SIGN_IDENTITY = "Apple Development";
				CODE_SIGN_STYLE = Automatic;
				CURRENT_PROJECT_VERSION = 1;
				DEVELOPMENT_ASSET_PATHS = "";
				DEVELOPMENT_TEAM = "";
				ENABLE_PREVIEWS = YES;
				GENERATE_INFOPLIST_FILE = NO;
				INFOPLIST_FILE = MVVMDemo/Resources/Info.plist;
				IPHONEOS_DEPLOYMENT_TARGET = 15.0;
				LD_RUNPATH_SEARCH_PATHS = (
					"$(inherited)",
					"@executable_path/Frameworks",
				);
				MARKETING_VERSION = 1.0;
				PRODUCT_BUNDLE_IDENTIFIER = com.example.mvvmdemo;
				PRODUCT_NAME = "$(TARGET_NAME)";
				SUPPORTS_MACCATALYST = NO;
				SWIFT_EMIT_LOC_STRINGS = YES;
				SWIFT_OBJC_BRIDGING_HEADER = "MVVMDemo/Shared/MVVMDemo-Bridging-Header.h";
				SWIFT_SWIFT3_OBJC_INFERENCE = Default;
				SWIFT_VERSION = 5.0;
				TARGETED_DEVICE_FAMILY = "1,2";
			};
			name = Release;
		};
/* End XCBuildConfiguration section */

/* Begin XCConfigurationList section */
		7050B56229C1F7D5006F0FAD /* Build configuration list for PBXProject "MVVMDemo" */ = {
			isa = XCConfigurationList;
			buildConfigurations = (
				7050B56429C1F7D5006F0FAD /* Debug */,
				7050B56529C1F7D5006F0FAD /* Release */,
			);
			defaultConfigurationIsVisible = 0;
			defaultConfigurationName = Release;
		};
		7050B56329C1F7D5006F0FAD /* Build configuration list for PBXNativeTarget "MVVMDemo" */ = {
			isa = XCConfigurationList;
			buildConfigurations = (
				7050B56629C1F7D5006F0FAD /* Debug */,
				7050B56729C1F7D5006F0FAD /* Release */,
			);
			defaultConfigurationIsVisible = 0;
			defaultConfigurationName = Release;
		};
/* End XCConfigurationList section */

	};
	rootObject = 7050B56129C1F7D5006F0FAD /* Project object */;
}
